
Microsoft Visual Studio Solution File, Format Version 12.00
# Visual Studio Version 17
VisualStudioVersion = 17.12.35707.178
MinimumVisualStudioVersion = 10.0.40219.1
Project("{FAE04EC0-301F-11D3-BF4B-00C04F79EFBC}") = "SimpleCSharpApp", "SimpleCSharpApp\SimpleCSharpApp.csproj", "{13FD0328-1F4C-4AD3-B382-1D226C188564}"
EndProject
Project("{FAE04EC0-301F-11D3-BF4B-00C04F79EFBC}") = "BasicConsoleIO", "BasicConsoleIO\BasicConsoleIO.csproj", "{04593BDD-AE8F-473B-B984-308F6A1F6888}"
EndProject
Project("{FAE04EC0-301F-11D3-BF4B-00C04F79EFBC}") = "BasicDataTypes", "BasicDataTypes\BasicDataTypes.csproj", "{C4B05CEA-B5AC-4A74-9024-3B0A54839AE3}"
EndProject
Project("{FAE04EC0-301F-11D3-BF4B-00C04F79EFBC}") = "Exercises", "Exercises\Exercises.csproj", "{7A56E578-D812-4C43-9729-6222B34AF555}"
EndProject
Project("{FAE04EC0-301F-11D3-BF4B-00C04F79EFBC}") = "TypeConversions", "TypeConversions\TypeConversions.csproj", "{0DBA38B1-A64A-496C-9C31-A89311883A98}"
EndProject
Project("{FAE04EC0-301F-11D3-BF4B-00C04F79EFBC}") = "IterationsAndDecisions", "IterationsAndDecisions\IterationsAndDecisions.csproj", "{6B07281B-B87D-43D0-A1B8-9D77046069A6}"
EndProject
Project("{FAE04EC0-301F-11D3-BF4B-00C04F79EFBC}") = "FunWithArrays", "FunWithArrays\FunWithArrays.csproj", "{1D66E7F8-FC48-4306-A0AA-9F7034832E28}"
EndProject
Project("{FAE04EC0-301F-11D3-BF4B-00C04F79EFBC}") = "FunWithLocalFunctions", "FunWithLocalFunctions\FunWithLocalFunctions.csproj", "{572E2A05-F424-40C5-A8D5-9B58164858D3}"
EndProject
Project("{FAE04EC0-301F-11D3-BF4B-00C04F79EFBC}") = "FunWithMethods", "FunWithMethods\FunWithMethods.csproj", "{860D1C62-450E-472C-ADEF-40C9DDFFDA12}"
EndProject
Project("{FAE04EC0-301F-11D3-BF4B-00C04F79EFBC}") = "FunWithEnumns", "FunWithEnumns\FunWithEnumns.csproj", "{142E6959-08B5-489B-B2C8-604914A48D6B}"
EndProject
Project("{FAE04EC0-301F-11D3-BF4B-00C04F79EFBC}") = "Practice", "Practice\Practice.csproj", "{1D8CA515-258E-4EFF-BBA6-B1069533193A}"
EndProject
Project("{FAE04EC0-301F-11D3-BF4B-00C04F79EFBC}") = "FunWithBitwiseOperations", "FunWithBitwiseOperations\FunWithBitwiseOperations.csproj", "{0591CA21-4294-43B7-BADE-ED113606E333}"
EndProject
Project("{FAE04EC0-301F-11D3-BF4B-00C04F79EFBC}") = "FunWithStructs", "FunWithStructs\FunWithStructs.csproj", "{82E2ABDA-E3D0-4164-B5BC-3B8EBA80AA00}"
EndProject
Project("{FAE04EC0-301F-11D3-BF4B-00C04F79EFBC}") = "FunWithValueAndRefTypes", "FunWithValueAndRefTypes\FunWithValueAndRefTypes.csproj", "{AA449908-881B-4E4E-82E0-177D7AFDFEBA}"
EndProject
Project("{FAE04EC0-301F-11D3-BF4B-00C04F79EFBC}") = "FunWithValueAndRefParams", "FunWithValueAndRefParams\FunWithValueAndRefParams.csproj", "{315416B8-15B3-46ED-84BD-F4EDED19284F}"
EndProject
Project("{FAE04EC0-301F-11D3-BF4B-00C04F79EFBC}") = "Exercises2", "Exercises2\Exercises2.csproj", "{80481A9C-27C3-4C86-B1C6-E1C3BA9BC88E}"
EndProject
Global
	GlobalSection(SolutionConfigurationPlatforms) = preSolution
		Debug|Any CPU = Debug|Any CPU
		Debug|x64 = Debug|x64
		Debug|x86 = Debug|x86
		Release|Any CPU = Release|Any CPU
		Release|x64 = Release|x64
		Release|x86 = Release|x86
	EndGlobalSection
	GlobalSection(ProjectConfigurationPlatforms) = postSolution
		{13FD0328-1F4C-4AD3-B382-1D226C188564}.Debug|Any CPU.ActiveCfg = Debug|Any CPU
		{13FD0328-1F4C-4AD3-B382-1D226C188564}.Debug|Any CPU.Build.0 = Debug|Any CPU
		{13FD0328-1F4C-4AD3-B382-1D226C188564}.Debug|x64.ActiveCfg = Debug|Any CPU
		{13FD0328-1F4C-4AD3-B382-1D226C188564}.Debug|x64.Build.0 = Debug|Any CPU
		{13FD0328-1F4C-4AD3-B382-1D226C188564}.Debug|x86.ActiveCfg = Debug|Any CPU
		{13FD0328-1F4C-4AD3-B382-1D226C188564}.Debug|x86.Build.0 = Debug|Any CPU
		{13FD0328-1F4C-4AD3-B382-1D226C188564}.Release|Any CPU.ActiveCfg = Release|Any CPU
		{13FD0328-1F4C-4AD3-B382-1D226C188564}.Release|Any CPU.Build.0 = Release|Any CPU
		{13FD0328-1F4C-4AD3-B382-1D226C188564}.Release|x64.ActiveCfg = Release|Any CPU
		{13FD0328-1F4C-4AD3-B382-1D226C188564}.Release|x64.Build.0 = Release|Any CPU
		{13FD0328-1F4C-4AD3-B382-1D226C188564}.Release|x86.ActiveCfg = Release|Any CPU
		{13FD0328-1F4C-4AD3-B382-1D226C188564}.Release|x86.Build.0 = Release|Any CPU
		{04593BDD-AE8F-473B-B984-308F6A1F6888}.Debug|Any CPU.ActiveCfg = Debug|Any CPU
		{04593BDD-AE8F-473B-B984-308F6A1F6888}.Debug|Any CPU.Build.0 = Debug|Any CPU
		{04593BDD-AE8F-473B-B984-308F6A1F6888}.Debug|x64.ActiveCfg = Debug|Any CPU
		{04593BDD-AE8F-473B-B984-308F6A1F6888}.Debug|x64.Build.0 = Debug|Any CPU
		{04593BDD-AE8F-473B-B984-308F6A1F6888}.Debug|x86.ActiveCfg = Debug|Any CPU
		{04593BDD-AE8F-473B-B984-308F6A1F6888}.Debug|x86.Build.0 = Debug|Any CPU
		{04593BDD-AE8F-473B-B984-308F6A1F6888}.Release|Any CPU.ActiveCfg = Release|Any CPU
		{04593BDD-AE8F-473B-B984-308F6A1F6888}.Release|Any CPU.Build.0 = Release|Any CPU
		{04593BDD-AE8F-473B-B984-308F6A1F6888}.Release|x64.ActiveCfg = Release|Any CPU
		{04593BDD-AE8F-473B-B984-308F6A1F6888}.Release|x64.Build.0 = Release|Any CPU
		{04593BDD-AE8F-473B-B984-308F6A1F6888}.Release|x86.ActiveCfg = Release|Any CPU
		{04593BDD-AE8F-473B-B984-308F6A1F6888}.Release|x86.Build.0 = Release|Any CPU
		{C4B05CEA-B5AC-4A74-9024-3B0A54839AE3}.Debug|Any CPU.ActiveCfg = Debug|Any CPU
		{C4B05CEA-B5AC-4A74-9024-3B0A54839AE3}.Debug|Any CPU.Build.0 = Debug|Any CPU
		{C4B05CEA-B5AC-4A74-9024-3B0A54839AE3}.Debug|x64.ActiveCfg = Debug|Any CPU
		{C4B05CEA-B5AC-4A74-9024-3B0A54839AE3}.Debug|x64.Build.0 = Debug|Any CPU
		{C4B05CEA-B5AC-4A74-9024-3B0A54839AE3}.Debug|x86.ActiveCfg = Debug|Any CPU
		{C4B05CEA-B5AC-4A74-9024-3B0A54839AE3}.Debug|x86.Build.0 = Debug|Any CPU
		{C4B05CEA-B5AC-4A74-9024-3B0A54839AE3}.Release|Any CPU.ActiveCfg = Release|Any CPU
		{C4B05CEA-B5AC-4A74-9024-3B0A54839AE3}.Release|Any CPU.Build.0 = Release|Any CPU
		{C4B05CEA-B5AC-4A74-9024-3B0A54839AE3}.Release|x64.ActiveCfg = Release|Any CPU
		{C4B05CEA-B5AC-4A74-9024-3B0A54839AE3}.Release|x64.Build.0 = Release|Any CPU
		{C4B05CEA-B5AC-4A74-9024-3B0A54839AE3}.Release|x86.ActiveCfg = Release|Any CPU
		{C4B05CEA-B5AC-4A74-9024-3B0A54839AE3}.Release|x86.Build.0 = Release|Any CPU
		{7A56E578-D812-4C43-9729-6222B34AF555}.Debug|Any CPU.ActiveCfg = Debug|Any CPU
		{7A56E578-D812-4C43-9729-6222B34AF555}.Debug|Any CPU.Build.0 = Debug|Any CPU
		{7A56E578-D812-4C43-9729-6222B34AF555}.Debug|x64.ActiveCfg = Debug|Any CPU
		{7A56E578-D812-4C43-9729-6222B34AF555}.Debug|x64.Build.0 = Debug|Any CPU
		{7A56E578-D812-4C43-9729-6222B34AF555}.Debug|x86.ActiveCfg = Debug|Any CPU
		{7A56E578-D812-4C43-9729-6222B34AF555}.Debug|x86.Build.0 = Debug|Any CPU
		{7A56E578-D812-4C43-9729-6222B34AF555}.Release|Any CPU.ActiveCfg = Release|Any CPU
		{7A56E578-D812-4C43-9729-6222B34AF555}.Release|Any CPU.Build.0 = Release|Any CPU
		{7A56E578-D812-4C43-9729-6222B34AF555}.Release|x64.ActiveCfg = Release|Any CPU
		{7A56E578-D812-4C43-9729-6222B34AF555}.Release|x64.Build.0 = Release|Any CPU
		{7A56E578-D812-4C43-9729-6222B34AF555}.Release|x86.ActiveCfg = Release|Any CPU
		{7A56E578-D812-4C43-9729-6222B34AF555}.Release|x86.Build.0 = Release|Any CPU
		{0DBA38B1-A64A-496C-9C31-A89311883A98}.Debug|Any CPU.ActiveCfg = Debug|Any CPU
		{0DBA38B1-A64A-496C-9C31-A89311883A98}.Debug|Any CPU.Build.0 = Debug|Any CPU
		{0DBA38B1-A64A-496C-9C31-A89311883A98}.Debug|x64.ActiveCfg = Debug|Any CPU
		{0DBA38B1-A64A-496C-9C31-A89311883A98}.Debug|x64.Build.0 = Debug|Any CPU
		{0DBA38B1-A64A-496C-9C31-A89311883A98}.Debug|x86.ActiveCfg = Debug|Any CPU
		{0DBA38B1-A64A-496C-9C31-A89311883A98}.Debug|x86.Build.0 = Debug|Any CPU
		{0DBA38B1-A64A-496C-9C31-A89311883A98}.Release|Any CPU.ActiveCfg = Release|Any CPU
		{0DBA38B1-A64A-496C-9C31-A89311883A98}.Release|Any CPU.Build.0 = Release|Any CPU
		{0DBA38B1-A64A-496C-9C31-A89311883A98}.Release|x64.ActiveCfg = Release|Any CPU
		{0DBA38B1-A64A-496C-9C31-A89311883A98}.Release|x64.Build.0 = Release|Any CPU
		{0DBA38B1-A64A-496C-9C31-A89311883A98}.Release|x86.ActiveCfg = Release|Any CPU
		{0DBA38B1-A64A-496C-9C31-A89311883A98}.Release|x86.Build.0 = Release|Any CPU
		{6B07281B-B87D-43D0-A1B8-9D77046069A6}.Debug|Any CPU.ActiveCfg = Debug|Any CPU
		{6B07281B-B87D-43D0-A1B8-9D77046069A6}.Debug|Any CPU.Build.0 = Debug|Any CPU
		{6B07281B-B87D-43D0-A1B8-9D77046069A6}.Debug|x64.ActiveCfg = Debug|Any CPU
		{6B07281B-B87D-43D0-A1B8-9D77046069A6}.Debug|x64.Build.0 = Debug|Any CPU
		{6B07281B-B87D-43D0-A1B8-9D77046069A6}.Debug|x86.ActiveCfg = Debug|Any CPU
		{6B07281B-B87D-43D0-A1B8-9D77046069A6}.Debug|x86.Build.0 = Debug|Any CPU
		{6B07281B-B87D-43D0-A1B8-9D77046069A6}.Release|Any CPU.ActiveCfg = Release|Any CPU
		{6B07281B-B87D-43D0-A1B8-9D77046069A6}.Release|Any CPU.Build.0 = Release|Any CPU
		{6B07281B-B87D-43D0-A1B8-9D77046069A6}.Release|x64.ActiveCfg = Release|Any CPU
		{6B07281B-B87D-43D0-A1B8-9D77046069A6}.Release|x64.Build.0 = Release|Any CPU
		{6B07281B-B87D-43D0-A1B8-9D77046069A6}.Release|x86.ActiveCfg = Release|Any CPU
		{6B07281B-B87D-43D0-A1B8-9D77046069A6}.Release|x86.Build.0 = Release|Any CPU
		{1D66E7F8-FC48-4306-A0AA-9F7034832E28}.Debug|Any CPU.ActiveCfg = Debug|Any CPU
		{1D66E7F8-FC48-4306-A0AA-9F7034832E28}.Debug|Any CPU.Build.0 = Debug|Any CPU
		{1D66E7F8-FC48-4306-A0AA-9F7034832E28}.Debug|x64.ActiveCfg = Debug|Any CPU
		{1D66E7F8-FC48-4306-A0AA-9F7034832E28}.Debug|x64.Build.0 = Debug|Any CPU
		{1D66E7F8-FC48-4306-A0AA-9F7034832E28}.Debug|x86.ActiveCfg = Debug|Any CPU
		{1D66E7F8-FC48-4306-A0AA-9F7034832E28}.Debug|x86.Build.0 = Debug|Any CPU
		{1D66E7F8-FC48-4306-A0AA-9F7034832E28}.Release|Any CPU.ActiveCfg = Release|Any CPU
		{1D66E7F8-FC48-4306-A0AA-9F7034832E28}.Release|Any CPU.Build.0 = Release|Any CPU
		{1D66E7F8-FC48-4306-A0AA-9F7034832E28}.Release|x64.ActiveCfg = Release|Any CPU
		{1D66E7F8-FC48-4306-A0AA-9F7034832E28}.Release|x64.Build.0 = Release|Any CPU
		{1D66E7F8-FC48-4306-A0AA-9F7034832E28}.Release|x86.ActiveCfg = Release|Any CPU
		{1D66E7F8-FC48-4306-A0AA-9F7034832E28}.Release|x86.Build.0 = Release|Any CPU
		{572E2A05-F424-40C5-A8D5-9B58164858D3}.Debug|Any CPU.ActiveCfg = Debug|Any CPU
		{572E2A05-F424-40C5-A8D5-9B58164858D3}.Debug|Any CPU.Build.0 = Debug|Any CPU
		{572E2A05-F424-40C5-A8D5-9B58164858D3}.Debug|x64.ActiveCfg = Debug|Any CPU
		{572E2A05-F424-40C5-A8D5-9B58164858D3}.Debug|x64.Build.0 = Debug|Any CPU
		{572E2A05-F424-40C5-A8D5-9B58164858D3}.Debug|x86.ActiveCfg = Debug|Any CPU
		{572E2A05-F424-40C5-A8D5-9B58164858D3}.Debug|x86.Build.0 = Debug|Any CPU
		{572E2A05-F424-40C5-A8D5-9B58164858D3}.Release|Any CPU.ActiveCfg = Release|Any CPU
		{572E2A05-F424-40C5-A8D5-9B58164858D3}.Release|Any CPU.Build.0 = Release|Any CPU
		{572E2A05-F424-40C5-A8D5-9B58164858D3}.Release|x64.ActiveCfg = Release|Any CPU
		{572E2A05-F424-40C5-A8D5-9B58164858D3}.Release|x64.Build.0 = Release|Any CPU
		{572E2A05-F424-40C5-A8D5-9B58164858D3}.Release|x86.ActiveCfg = Release|Any CPU
		{572E2A05-F424-40C5-A8D5-9B58164858D3}.Release|x86.Build.0 = Release|Any CPU
		{860D1C62-450E-472C-ADEF-40C9DDFFDA12}.Debug|Any CPU.ActiveCfg = Debug|Any CPU
		{860D1C62-450E-472C-ADEF-40C9DDFFDA12}.Debug|Any CPU.Build.0 = Debug|Any CPU
		{860D1C62-450E-472C-ADEF-40C9DDFFDA12}.Debug|x64.ActiveCfg = Debug|Any CPU
		{860D1C62-450E-472C-ADEF-40C9DDFFDA12}.Debug|x64.Build.0 = Debug|Any CPU
		{860D1C62-450E-472C-ADEF-40C9DDFFDA12}.Debug|x86.ActiveCfg = Debug|Any CPU
		{860D1C62-450E-472C-ADEF-40C9DDFFDA12}.Debug|x86.Build.0 = Debug|Any CPU
		{860D1C62-450E-472C-ADEF-40C9DDFFDA12}.Release|Any CPU.ActiveCfg = Release|Any CPU
		{860D1C62-450E-472C-ADEF-40C9DDFFDA12}.Release|Any CPU.Build.0 = Release|Any CPU
		{860D1C62-450E-472C-ADEF-40C9DDFFDA12}.Release|x64.ActiveCfg = Release|Any CPU
		{860D1C62-450E-472C-ADEF-40C9DDFFDA12}.Release|x64.Build.0 = Release|Any CPU
		{860D1C62-450E-472C-ADEF-40C9DDFFDA12}.Release|x86.ActiveCfg = Release|Any CPU
		{860D1C62-450E-472C-ADEF-40C9DDFFDA12}.Release|x86.Build.0 = Release|Any CPU
		{142E6959-08B5-489B-B2C8-604914A48D6B}.Debug|Any CPU.ActiveCfg = Debug|Any CPU
		{142E6959-08B5-489B-B2C8-604914A48D6B}.Debug|Any CPU.Build.0 = Debug|Any CPU
		{142E6959-08B5-489B-B2C8-604914A48D6B}.Debug|x64.ActiveCfg = Debug|Any CPU
		{142E6959-08B5-489B-B2C8-604914A48D6B}.Debug|x64.Build.0 = Debug|Any CPU
		{142E6959-08B5-489B-B2C8-604914A48D6B}.Debug|x86.ActiveCfg = Debug|Any CPU
		{142E6959-08B5-489B-B2C8-604914A48D6B}.Debug|x86.Build.0 = Debug|Any CPU
		{142E6959-08B5-489B-B2C8-604914A48D6B}.Release|Any CPU.ActiveCfg = Release|Any CPU
		{142E6959-08B5-489B-B2C8-604914A48D6B}.Release|Any CPU.Build.0 = Release|Any CPU
		{142E6959-08B5-489B-B2C8-604914A48D6B}.Release|x64.ActiveCfg = Release|Any CPU
		{142E6959-08B5-489B-B2C8-604914A48D6B}.Release|x64.Build.0 = Release|Any CPU
		{142E6959-08B5-489B-B2C8-604914A48D6B}.Release|x86.ActiveCfg = Release|Any CPU
		{142E6959-08B5-489B-B2C8-604914A48D6B}.Release|x86.Build.0 = Release|Any CPU
		{1D8CA515-258E-4EFF-BBA6-B1069533193A}.Debug|Any CPU.ActiveCfg = Debug|Any CPU
		{1D8CA515-258E-4EFF-BBA6-B1069533193A}.Debug|Any CPU.Build.0 = Debug|Any CPU
		{1D8CA515-258E-4EFF-BBA6-B1069533193A}.Debug|x64.ActiveCfg = Debug|Any CPU
		{1D8CA515-258E-4EFF-BBA6-B1069533193A}.Debug|x64.Build.0 = Debug|Any CPU
		{1D8CA515-258E-4EFF-BBA6-B1069533193A}.Debug|x86.ActiveCfg = Debug|Any CPU
		{1D8CA515-258E-4EFF-BBA6-B1069533193A}.Debug|x86.Build.0 = Debug|Any CPU
		{1D8CA515-258E-4EFF-BBA6-B1069533193A}.Release|Any CPU.ActiveCfg = Release|Any CPU
		{1D8CA515-258E-4EFF-BBA6-B1069533193A}.Release|Any CPU.Build.0 = Release|Any CPU
		{1D8CA515-258E-4EFF-BBA6-B1069533193A}.Release|x64.ActiveCfg = Release|Any CPU
		{1D8CA515-258E-4EFF-BBA6-B1069533193A}.Release|x64.Build.0 = Release|Any CPU
		{1D8CA515-258E-4EFF-BBA6-B1069533193A}.Release|x86.ActiveCfg = Release|Any CPU
		{1D8CA515-258E-4EFF-BBA6-B1069533193A}.Release|x86.Build.0 = Release|Any CPU
		{0591CA21-4294-43B7-BADE-ED113606E333}.Debug|Any CPU.ActiveCfg = Debug|Any CPU
		{0591CA21-4294-43B7-BADE-ED113606E333}.Debug|Any CPU.Build.0 = Debug|Any CPU
		{0591CA21-4294-43B7-BADE-ED113606E333}.Debug|x64.ActiveCfg = Debug|Any CPU
		{0591CA21-4294-43B7-BADE-ED113606E333}.Debug|x64.Build.0 = Debug|Any CPU
		{0591CA21-4294-43B7-BADE-ED113606E333}.Debug|x86.ActiveCfg = Debug|Any CPU
		{0591CA21-4294-43B7-BADE-ED113606E333}.Debug|x86.Build.0 = Debug|Any CPU
		{0591CA21-4294-43B7-BADE-ED113606E333}.Release|Any CPU.ActiveCfg = Release|Any CPU
		{0591CA21-4294-43B7-BADE-ED113606E333}.Release|Any CPU.Build.0 = Release|Any CPU
		{0591CA21-4294-43B7-BADE-ED113606E333}.Release|x64.ActiveCfg = Release|Any CPU
		{0591CA21-4294-43B7-BADE-ED113606E333}.Release|x64.Build.0 = Release|Any CPU
		{0591CA21-4294-43B7-BADE-ED113606E333}.Release|x86.ActiveCfg = Release|Any CPU
		{0591CA21-4294-43B7-BADE-ED113606E333}.Release|x86.Build.0 = Release|Any CPU
		{82E2ABDA-E3D0-4164-B5BC-3B8EBA80AA00}.Debug|Any CPU.ActiveCfg = Debug|Any CPU
		{82E2ABDA-E3D0-4164-B5BC-3B8EBA80AA00}.Debug|Any CPU.Build.0 = Debug|Any CPU
		{82E2ABDA-E3D0-4164-B5BC-3B8EBA80AA00}.Debug|x64.ActiveCfg = Debug|Any CPU
		{82E2ABDA-E3D0-4164-B5BC-3B8EBA80AA00}.Debug|x64.Build.0 = Debug|Any CPU
		{82E2ABDA-E3D0-4164-B5BC-3B8EBA80AA00}.Debug|x86.ActiveCfg = Debug|Any CPU
		{82E2ABDA-E3D0-4164-B5BC-3B8EBA80AA00}.Debug|x86.Build.0 = Debug|Any CPU
		{82E2ABDA-E3D0-4164-B5BC-3B8EBA80AA00}.Release|Any CPU.ActiveCfg = Release|Any CPU
		{82E2ABDA-E3D0-4164-B5BC-3B8EBA80AA00}.Release|Any CPU.Build.0 = Release|Any CPU
		{82E2ABDA-E3D0-4164-B5BC-3B8EBA80AA00}.Release|x64.ActiveCfg = Release|Any CPU
		{82E2ABDA-E3D0-4164-B5BC-3B8EBA80AA00}.Release|x64.Build.0 = Release|Any CPU
		{82E2ABDA-E3D0-4164-B5BC-3B8EBA80AA00}.Release|x86.ActiveCfg = Release|Any CPU
		{82E2ABDA-E3D0-4164-B5BC-3B8EBA80AA00}.Release|x86.Build.0 = Release|Any CPU
		{AA449908-881B-4E4E-82E0-177D7AFDFEBA}.Debug|Any CPU.ActiveCfg = Debug|Any CPU
		{AA449908-881B-4E4E-82E0-177D7AFDFEBA}.Debug|Any CPU.Build.0 = Debug|Any CPU
		{AA449908-881B-4E4E-82E0-177D7AFDFEBA}.Debug|x64.ActiveCfg = Debug|Any CPU
		{AA449908-881B-4E4E-82E0-177D7AFDFEBA}.Debug|x64.Build.0 = Debug|Any CPU
		{AA449908-881B-4E4E-82E0-177D7AFDFEBA}.Debug|x86.ActiveCfg = Debug|Any CPU
		{AA449908-881B-4E4E-82E0-177D7AFDFEBA}.Debug|x86.Build.0 = Debug|Any CPU
		{AA449908-881B-4E4E-82E0-177D7AFDFEBA}.Release|Any CPU.ActiveCfg = Release|Any CPU
		{AA449908-881B-4E4E-82E0-177D7AFDFEBA}.Release|Any CPU.Build.0 = Release|Any CPU
		{AA449908-881B-4E4E-82E0-177D7AFDFEBA}.Release|x64.ActiveCfg = Release|Any CPU
		{AA449908-881B-4E4E-82E0-177D7AFDFEBA}.Release|x64.Build.0 = Release|Any CPU
		{AA449908-881B-4E4E-82E0-177D7AFDFEBA}.Release|x86.ActiveCfg = Release|Any CPU
		{AA449908-881B-4E4E-82E0-177D7AFDFEBA}.Release|x86.Build.0 = Release|Any CPU
		{315416B8-15B3-46ED-84BD-F4EDED19284F}.Debug|Any CPU.ActiveCfg = Debug|Any CPU
		{315416B8-15B3-46ED-84BD-F4EDED19284F}.Debug|Any CPU.Build.0 = Debug|Any CPU
		{315416B8-15B3-46ED-84BD-F4EDED19284F}.Debug|x64.ActiveCfg = Debug|Any CPU
		{315416B8-15B3-46ED-84BD-F4EDED19284F}.Debug|x64.Build.0 = Debug|Any CPU
		{315416B8-15B3-46ED-84BD-F4EDED19284F}.Debug|x86.ActiveCfg = Debug|Any CPU
		{315416B8-15B3-46ED-84BD-F4EDED19284F}.Debug|x86.Build.0 = Debug|Any CPU
		{315416B8-15B3-46ED-84BD-F4EDED19284F}.Release|Any CPU.ActiveCfg = Release|Any CPU
		{315416B8-15B3-46ED-84BD-F4EDED19284F}.Release|Any CPU.Build.0 = Release|Any CPU
		{315416B8-15B3-46ED-84BD-F4EDED19284F}.Release|x64.ActiveCfg = Release|Any CPU
		{315416B8-15B3-46ED-84BD-F4EDED19284F}.Release|x64.Build.0 = Release|Any CPU
		{315416B8-15B3-46ED-84BD-F4EDED19284F}.Release|x86.ActiveCfg = Release|Any CPU
		{315416B8-15B3-46ED-84BD-F4EDED19284F}.Release|x86.Build.0 = Release|Any CPU
		{80481A9C-27C3-4C86-B1C6-E1C3BA9BC88E}.Debug|Any CPU.ActiveCfg = Debug|Any CPU
		{80481A9C-27C3-4C86-B1C6-E1C3BA9BC88E}.Debug|Any CPU.Build.0 = Debug|Any CPU
		{80481A9C-27C3-4C86-B1C6-E1C3BA9BC88E}.Debug|x64.ActiveCfg = Debug|Any CPU
		{80481A9C-27C3-4C86-B1C6-E1C3BA9BC88E}.Debug|x64.Build.0 = Debug|Any CPU
		{80481A9C-27C3-4C86-B1C6-E1C3BA9BC88E}.Debug|x86.ActiveCfg = Debug|Any CPU
		{80481A9C-27C3-4C86-B1C6-E1C3BA9BC88E}.Debug|x86.Build.0 = Debug|Any CPU
		{80481A9C-27C3-4C86-B1C6-E1C3BA9BC88E}.Release|Any CPU.ActiveCfg = Release|Any CPU
		{80481A9C-27C3-4C86-B1C6-E1C3BA9BC88E}.Release|Any CPU.Build.0 = Release|Any CPU
		{80481A9C-27C3-4C86-B1C6-E1C3BA9BC88E}.Release|x64.ActiveCfg = Release|Any CPU
		{80481A9C-27C3-4C86-B1C6-E1C3BA9BC88E}.Release|x64.Build.0 = Release|Any CPU
		{80481A9C-27C3-4C86-B1C6-E1C3BA9BC88E}.Release|x86.ActiveCfg = Release|Any CPU
		{80481A9C-27C3-4C86-B1C6-E1C3BA9BC88E}.Release|x86.Build.0 = Release|Any CPU
	EndGlobalSection
	GlobalSection(SolutionProperties) = preSolution
		HideSolutionNode = FALSE
	EndGlobalSection
EndGlobal
